
Microsoft Visual Studio Solution File, Format Version 12.00
Project("{FAE04EC0-301F-11D3-BF4B-00C04F79EFBC}") = "CourseXamarinFormsOne", "CourseXamarinFormsOne\CourseXamarinFormsOne\CourseXamarinFormsOne.csproj", "{369641DC-5EFA-4441-8867-C67D05595293}"
EndProject
Project("{FAE04EC0-301F-11D3-BF4B-00C04F79EFBC}") = "CourseXamarinFormsOne.Droid", "CourseXamarinFormsOne\CourseXamarinFormsOne.Droid\CourseXamarinFormsOne.Droid.csproj", "{BDAACF70-FCBC-446C-946C-97E5F6128F72}"
EndProject
Project("{FAE04EC0-301F-11D3-BF4B-00C04F79EFBC}") = "CourseXamarinFormsOne.iOS", "CourseXamarinFormsOne\CourseXamarinFormsOne.iOS\CourseXamarinFormsOne.iOS.csproj", "{4B51D71F-7C1A-448A-B55C-B3A2D6C28C53}"
EndProject
Global
	GlobalSection(SolutionConfigurationPlatforms) = preSolution
		Ad-Hoc|iPhone = Ad-Hoc|iPhone
		AppStore|iPhone = AppStore|iPhone
		Debug|Any CPU = Debug|Any CPU
		Debug|iPhone = Debug|iPhone
		Debug|iPhoneSimulator = Debug|iPhoneSimulator
		Release|Any CPU = Release|Any CPU
		Release|iPhone = Release|iPhone
		Release|iPhoneSimulator = Release|iPhoneSimulator
	EndGlobalSection
	GlobalSection(ProjectConfigurationPlatforms) = postSolution
		{369641DC-5EFA-4441-8867-C67D05595293}.Ad-Hoc|iPhone.ActiveCfg = Debug|Any CPU
		{369641DC-5EFA-4441-8867-C67D05595293}.Ad-Hoc|iPhone.Build.0 = Debug|Any CPU
		{369641DC-5EFA-4441-8867-C67D05595293}.AppStore|iPhone.ActiveCfg = Debug|Any CPU
		{369641DC-5EFA-4441-8867-C67D05595293}.AppStore|iPhone.Build.0 = Debug|Any CPU
		{369641DC-5EFA-4441-8867-C67D05595293}.Debug|Any CPU.ActiveCfg = Debug|Any CPU
		{369641DC-5EFA-4441-8867-C67D05595293}.Debug|Any CPU.Build.0 = Debug|Any CPU
		{369641DC-5EFA-4441-8867-C67D05595293}.Debug|iPhone.ActiveCfg = Debug|Any CPU
		{369641DC-5EFA-4441-8867-C67D05595293}.Debug|iPhone.Build.0 = Debug|Any CPU
		{369641DC-5EFA-4441-8867-C67D05595293}.Debug|iPhoneSimulator.ActiveCfg = Debug|Any CPU
		{369641DC-5EFA-4441-8867-C67D05595293}.Debug|iPhoneSimulator.Build.0 = Debug|Any CPU
		{369641DC-5EFA-4441-8867-C67D05595293}.Release|Any CPU.ActiveCfg = Release|Any CPU
		{369641DC-5EFA-4441-8867-C67D05595293}.Release|Any CPU.Build.0 = Release|Any CPU
		{369641DC-5EFA-4441-8867-C67D05595293}.Release|iPhone.ActiveCfg = Release|Any CPU
		{369641DC-5EFA-4441-8867-C67D05595293}.Release|iPhone.Build.0 = Release|Any CPU
		{369641DC-5EFA-4441-8867-C67D05595293}.Release|iPhoneSimulator.ActiveCfg = Release|Any CPU
		{369641DC-5EFA-4441-8867-C67D05595293}.Release|iPhoneSimulator.Build.0 = Release|Any CPU
		{BDAACF70-FCBC-446C-946C-97E5F6128F72}.Ad-Hoc|iPhone.ActiveCfg = Debug|Any CPU
		{BDAACF70-FCBC-446C-946C-97E5F6128F72}.Ad-Hoc|iPhone.Build.0 = Debug|Any CPU
		{BDAACF70-FCBC-446C-946C-97E5F6128F72}.Ad-Hoc|iPhone.Deploy.0 = Debug|Any CPU
		{BDAACF70-FCBC-446C-946C-97E5F6128F72}.AppStore|iPhone.ActiveCfg = Debug|Any CPU
		{BDAACF70-FCBC-446C-946C-97E5F6128F72}.AppStore|iPhone.Build.0 = Debug|Any CPU
		{BDAACF70-FCBC-446C-946C-97E5F6128F72}.AppStore|iPhone.Deploy.0 = Debug|Any CPU
		{BDAACF70-FCBC-446C-946C-97E5F6128F72}.Debug|Any CPU.ActiveCfg = Debug|Any CPU
		{BDAACF70-FCBC-446C-946C-97E5F6128F72}.Debug|Any CPU.Build.0 = Debug|Any CPU
		{BDAACF70-FCBC-446C-946C-97E5F6128F72}.Debug|Any CPU.Deploy.0 = Debug|Any CPU
		{BDAACF70-FCBC-446C-946C-97E5F6128F72}.Debug|iPhone.ActiveCfg = Debug|Any CPU
		{BDAACF70-FCBC-446C-946C-97E5F6128F72}.Debug|iPhone.Build.0 = Debug|Any CPU
		{BDAACF70-FCBC-446C-946C-97E5F6128F72}.Debug|iPhone.Deploy.0 = Debug|Any CPU
		{BDAACF70-FCBC-446C-946C-97E5F6128F72}.Debug|iPhoneSimulator.ActiveCfg = Debug|Any CPU
		{BDAACF70-FCBC-446C-946C-97E5F6128F72}.Debug|iPhoneSimulator.Build.0 = Debug|Any CPU
		{BDAACF70-FCBC-446C-946C-97E5F6128F72}.Debug|iPhoneSimulator.Deploy.0 = Debug|Any CPU
		{BDAACF70-FCBC-446C-946C-97E5F6128F72}.Release|Any CPU.ActiveCfg = Release|Any CPU
		{BDAACF70-FCBC-446C-946C-97E5F6128F72}.Release|Any CPU.Build.0 = Release|Any CPU
		{BDAACF70-FCBC-446C-946C-97E5F6128F72}.Release|Any CPU.Deploy.0 = Release|Any CPU
		{BDAACF70-FCBC-446C-946C-97E5F6128F72}.Release|iPhone.ActiveCfg = Release|Any CPU
		{BDAACF70-FCBC-446C-946C-97E5F6128F72}.Release|iPhone.Build.0 = Release|Any CPU
		{BDAACF70-FCBC-446C-946C-97E5F6128F72}.Release|iPhone.Deploy.0 = Release|Any CPU
		{BDAACF70-FCBC-446C-946C-97E5F6128F72}.Release|iPhoneSimulator.ActiveCfg = Release|Any CPU
		{BDAACF70-FCBC-446C-946C-97E5F6128F72}.Release|iPhoneSimulator.Build.0 = Release|Any CPU
		{BDAACF70-FCBC-446C-946C-97E5F6128F72}.Release|iPhoneSimulator.Deploy.0 = Release|Any CPU
		{4B51D71F-7C1A-448A-B55C-B3A2D6C28C53}.Ad-Hoc|iPhone.ActiveCfg = Ad-Hoc|iPhone
		{4B51D71F-7C1A-448A-B55C-B3A2D6C28C53}.Ad-Hoc|iPhone.Build.0 = Ad-Hoc|iPhone
		{4B51D71F-7C1A-448A-B55C-B3A2D6C28C53}.Ad-Hoc|iPhone.Deploy.0 = Ad-Hoc|iPhone
		{4B51D71F-7C1A-448A-B55C-B3A2D6C28C53}.AppStore|iPhone.ActiveCfg = AppStore|iPhone
		{4B51D71F-7C1A-448A-B55C-B3A2D6C28C53}.AppStore|iPhone.Build.0 = AppStore|iPhone
		{4B51D71F-7C1A-448A-B55C-B3A2D6C28C53}.AppStore|iPhone.Deploy.0 = AppStore|iPhone
		{4B51D71F-7C1A-448A-B55C-B3A2D6C28C53}.Debug|Any CPU.ActiveCfg = Debug|iPhoneSimulator
		{4B51D71F-7C1A-448A-B55C-B3A2D6C28C53}.Debug|Any CPU.Build.0 = Debug|iPhoneSimulator
		{4B51D71F-7C1A-448A-B55C-B3A2D6C28C53}.Debug|Any CPU.Deploy.0 = Debug|iPhoneSimulator
		{4B51D71F-7C1A-448A-B55C-B3A2D6C28C53}.Debug|iPhone.ActiveCfg = Debug|iPhone
		{4B51D71F-7C1A-448A-B55C-B3A2D6C28C53}.Debug|iPhone.Build.0 = Debug|iPhone
		{4B51D71F-7C1A-448A-B55C-B3A2D6C28C53}.Debug|iPhone.Deploy.0 = Debug|iPhone
		{4B51D71F-7C1A-448A-B55C-B3A2D6C28C53}.Debug|iPhoneSimulator.ActiveCfg = Debug|iPhoneSimulator
		{4B51D71F-7C1A-448A-B55C-B3A2D6C28C53}.Debug|iPhoneSimulator.Build.0 = Debug|iPhoneSimulator
		{4B51D71F-7C1A-448A-B55C-B3A2D6C28C53}.Debug|iPhoneSimulator.Deploy.0 = Debug|iPhoneSimulator
		{4B51D71F-7C1A-448A-B55C-B3A2D6C28C53}.Release|Any CPU.ActiveCfg = Release|iPhoneSimulator
		{4B51D71F-7C1A-448A-B55C-B3A2D6C28C53}.Release|Any CPU.Build.0 = Release|iPhoneSimulator
		{4B51D71F-7C1A-448A-B55C-B3A2D6C28C53}.Release|Any CPU.Deploy.0 = Release|iPhoneSimulator
		{4B51D71F-7C1A-448A-B55C-B3A2D6C28C53}.Release|iPhone.ActiveCfg = Release|iPhone
		{4B51D71F-7C1A-448A-B55C-B3A2D6C28C53}.Release|iPhone.Build.0 = Release|iPhone
		{4B51D71F-7C1A-448A-B55C-B3A2D6C28C53}.Release|iPhone.Deploy.0 = Release|iPhone
		{4B51D71F-7C1A-448A-B55C-B3A2D6C28C53}.Release|iPhoneSimulator.ActiveCfg = Release|iPhoneSimulator
		{4B51D71F-7C1A-448A-B55C-B3A2D6C28C53}.Release|iPhoneSimulator.Build.0 = Release|iPhoneSimulator
		{4B51D71F-7C1A-448A-B55C-B3A2D6C28C53}.Release|iPhoneSimulator.Deploy.0 = Release|iPhoneSimulator
	EndGlobalSection
EndGlobal
